// !$*UTF8*$!
{
	archiveVersion = 1;
	classes = {
	};
	objectVersion = 50;
	objects = {

/* Begin PBXBuildFile section */
		2EFD4F162461017F003F314B /* Private_Window_Status.entitlements in Resources */ = {isa = PBXBuildFile; fileRef = 2EFD4F152461017F003F314B /* Private_Window_Status.entitlements */; };
		2EFD4F182461017F003F314B /* AppDelegate.swift in Sources */ = {isa = PBXBuildFile; fileRef = 2EFD4F172461017F003F314B /* AppDelegate.swift */; };
		2EFD4F1B2461017F003F314B /* Main.storyboard in Resources */ = {isa = PBXBuildFile; fileRef = 2EFD4F192461017F003F314B /* Main.storyboard */; };
		2EFD4F1D2461017F003F314B /* ViewController.swift in Sources */ = {isa = PBXBuildFile; fileRef = 2EFD4F1C2461017F003F314B /* ViewController.swift */; };
		2EFD4F1F24610181003F314B /* Assets.xcassets in Resources */ = {isa = PBXBuildFile; fileRef = 2EFD4F1E24610181003F314B /* Assets.xcassets */; };
		2EFD4F2624610181003F314B /* Private Window Status Extension.appex in Embed App Extensions */ = {isa = PBXBuildFile; fileRef = 2EFD4F2524610181003F314B /* Private Window Status Extension.appex */; settings = {ATTRIBUTES = (RemoveHeadersOnCopy, ); }; };
		2EFD4F2B24610181003F314B /* Cocoa.framework in Frameworks */ = {isa = PBXBuildFile; fileRef = 2EFD4F2A24610181003F314B /* Cocoa.framework */; };
		2EFD4F2E24610181003F314B /* SafariExtensionHandler.swift in Sources */ = {isa = PBXBuildFile; fileRef = 2EFD4F2D24610181003F314B /* SafariExtensionHandler.swift */; };
		2EFD4F3024610181003F314B /* SafariExtensionViewController.swift in Sources */ = {isa = PBXBuildFile; fileRef = 2EFD4F2F24610181003F314B /* SafariExtensionViewController.swift */; };
		2EFD4F3324610182003F314B /* SafariExtensionViewController.xib in Resources */ = {isa = PBXBuildFile; fileRef = 2EFD4F3124610182003F314B /* SafariExtensionViewController.xib */; };
		2EFD4F3624610182003F314B /* script.js in Resources */ = {isa = PBXBuildFile; fileRef = 2EFD4F3524610182003F314B /* script.js */; };
		2EFD4F472461FD00003F314B /* privateicon.pdf in Resources */ = {isa = PBXBuildFile; fileRef = 2EFD4F452461FD00003F314B /* privateicon.pdf */; };
		2EFD4F482461FD00003F314B /* nonprivateicon.pdf in Resources */ = {isa = PBXBuildFile; fileRef = 2EFD4F462461FD00003F314B /* nonprivateicon.pdf */; };
/* End PBXBuildFile section */

/* Begin PBXContainerItemProxy section */
		2EFD4F2724610181003F314B /* PBXContainerItemProxy */ = {
			isa = PBXContainerItemProxy;
			containerPortal = 2EFD4F0A2461017F003F314B /* Project object */;
			proxyType = 1;
			remoteGlobalIDString = 2EFD4F2424610181003F314B;
			remoteInfo = "Private Window Status Extension";
		};
/* End PBXContainerItemProxy section */

/* Begin PBXCopyFilesBuildPhase section */
		2EFD4F3F24610182003F314B /* Embed App Extensions */ = {
			isa = PBXCopyFilesBuildPhase;
			buildActionMask = 2147483647;
			dstPath = "";
			dstSubfolderSpec = 13;
			files = (
				2EFD4F2624610181003F314B /* Private Window Status Extension.appex in Embed App Extensions */,
			);
			name = "Embed App Extensions";
			runOnlyForDeploymentPostprocessing = 0;
		};
/* End PBXCopyFilesBuildPhase section */

/* Begin PBXFileReference section */
		2EFD4F122461017F003F314B /* Private Window Status.app */ = {isa = PBXFileReference; explicitFileType = wrapper.application; includeInIndex = 0; path = "Private Window Status.app"; sourceTree = BUILT_PRODUCTS_DIR; };
		2EFD4F152461017F003F314B /* Private_Window_Status.entitlements */ = {isa = PBXFileReference; lastKnownFileType = text.plist.entitlements; path = Private_Window_Status.entitlements; sourceTree = "<group>"; };
		2EFD4F172461017F003F314B /* AppDelegate.swift */ = {isa = PBXFileReference; lastKnownFileType = sourcecode.swift; path = AppDelegate.swift; sourceTree = "<group>"; };
		2EFD4F1A2461017F003F314B /* Base */ = {isa = PBXFileReference; lastKnownFileType = file.storyboard; name = Base; path = Base.lproj/Main.storyboard; sourceTree = "<group>"; };
		2EFD4F1C2461017F003F314B /* ViewController.swift */ = {isa = PBXFileReference; lastKnownFileType = sourcecode.swift; path = ViewController.swift; sourceTree = "<group>"; };
		2EFD4F1E24610181003F314B /* Assets.xcassets */ = {isa = PBXFileReference; lastKnownFileType = folder.assetcatalog; path = Assets.xcassets; sourceTree = "<group>"; };
		2EFD4F2024610181003F314B /* Info.plist */ = {isa = PBXFileReference; lastKnownFileType = text.plist.xml; path = Info.plist; sourceTree = "<group>"; };
		2EFD4F2524610181003F314B /* Private Window Status Extension.appex */ = {isa = PBXFileReference; explicitFileType = "wrapper.app-extension"; includeInIndex = 0; path = "Private Window Status Extension.appex"; sourceTree = BUILT_PRODUCTS_DIR; };
		2EFD4F2A24610181003F314B /* Cocoa.framework */ = {isa = PBXFileReference; lastKnownFileType = wrapper.framework; name = Cocoa.framework; path = System/Library/Frameworks/Cocoa.framework; sourceTree = SDKROOT; };
		2EFD4F2D24610181003F314B /* SafariExtensionHandler.swift */ = {isa = PBXFileReference; lastKnownFileType = sourcecode.swift; path = SafariExtensionHandler.swift; sourceTree = "<group>"; };
		2EFD4F2F24610181003F314B /* SafariExtensionViewController.swift */ = {isa = PBXFileReference; lastKnownFileType = sourcecode.swift; path = SafariExtensionViewController.swift; sourceTree = "<group>"; };
		2EFD4F3224610182003F314B /* Base */ = {isa = PBXFileReference; lastKnownFileType = file.xib; name = Base; path = Base.lproj/SafariExtensionViewController.xib; sourceTree = "<group>"; };
		2EFD4F3424610182003F314B /* Info.plist */ = {isa = PBXFileReference; lastKnownFileType = text.plist.xml; path = Info.plist; sourceTree = "<group>"; };
		2EFD4F3524610182003F314B /* script.js */ = {isa = PBXFileReference; lastKnownFileType = sourcecode.javascript; path = script.js; sourceTree = "<group>"; };
		2EFD4F3924610182003F314B /* Private_Window_Status_Extension.entitlements */ = {isa = PBXFileReference; lastKnownFileType = text.plist.entitlements; path = Private_Window_Status_Extension.entitlements; sourceTree = "<group>"; };
		2EFD4F452461FD00003F314B /* privateicon.pdf */ = {isa = PBXFileReference; lastKnownFileType = image.pdf; path = privateicon.pdf; sourceTree = "<group>"; };
		2EFD4F462461FD00003F314B /* nonprivateicon.pdf */ = {isa = PBXFileReference; lastKnownFileType = image.pdf; path = nonprivateicon.pdf; sourceTree = "<group>"; };
/* End PBXFileReference section */

/* Begin PBXFrameworksBuildPhase section */
		2EFD4F0F2461017F003F314B /* Frameworks */ = {
			isa = PBXFrameworksBuildPhase;
			buildActionMask = 2147483647;
			files = (
			);
			runOnlyForDeploymentPostprocessing = 0;
		};
		2EFD4F2224610181003F314B /* Frameworks */ = {
			isa = PBXFrameworksBuildPhase;
			buildActionMask = 2147483647;
			files = (
				2EFD4F2B24610181003F314B /* Cocoa.framework in Frameworks */,
			);
			runOnlyForDeploymentPostprocessing = 0;
		};
/* End PBXFrameworksBuildPhase section */

/* Begin PBXGroup section */
		2EFD4F092461017F003F314B = {
			isa = PBXGroup;
			children = (
				2EFD4F142461017F003F314B /* Private Window Status */,
				2EFD4F2C24610181003F314B /* Private Window Status Extension */,
				2EFD4F2924610181003F314B /* Frameworks */,
				2EFD4F132461017F003F314B /* Products */,
			);
			sourceTree = "<group>";
		};
		2EFD4F132461017F003F314B /* Products */ = {
			isa = PBXGroup;
			children = (
				2EFD4F122461017F003F314B /* Private Window Status.app */,
				2EFD4F2524610181003F314B /* Private Window Status Extension.appex */,
			);
			name = Products;
			sourceTree = "<group>";
		};
		2EFD4F142461017F003F314B /* Private Window Status */ = {
			isa = PBXGroup;
			children = (
				2EFD4F152461017F003F314B /* Private_Window_Status.entitlements */,
				2EFD4F172461017F003F314B /* AppDelegate.swift */,
				2EFD4F192461017F003F314B /* Main.storyboard */,
				2EFD4F1C2461017F003F314B /* ViewController.swift */,
				2EFD4F1E24610181003F314B /* Assets.xcassets */,
				2EFD4F2024610181003F314B /* Info.plist */,
			);
			path = "Private Window Status";
			sourceTree = "<group>";
		};
		2EFD4F2924610181003F314B /* Frameworks */ = {
			isa = PBXGroup;
			children = (
				2EFD4F2A24610181003F314B /* Cocoa.framework */,
			);
			name = Frameworks;
			sourceTree = "<group>";
		};
		2EFD4F2C24610181003F314B /* Private Window Status Extension */ = {
			isa = PBXGroup;
			children = (
				2EFD4F2D24610181003F314B /* SafariExtensionHandler.swift */,
				2EFD4F2F24610181003F314B /* SafariExtensionViewController.swift */,
				2EFD4F3124610182003F314B /* SafariExtensionViewController.xib */,
				2EFD4F3424610182003F314B /* Info.plist */,
				2EFD4F3524610182003F314B /* script.js */,
				2EFD4F462461FD00003F314B /* nonprivateicon.pdf */,
				2EFD4F452461FD00003F314B /* privateicon.pdf */,
				2EFD4F3924610182003F314B /* Private_Window_Status_Extension.entitlements */,
			);
			path = "Private Window Status Extension";
			sourceTree = "<group>";
		};
/* End PBXGroup section */

/* Begin PBXNativeTarget section */
		2EFD4F112461017F003F314B /* Private Window Status */ = {
			isa = PBXNativeTarget;
			buildConfigurationList = 2EFD4F4024610182003F314B /* Build configuration list for PBXNativeTarget "Private Window Status" */;
			buildPhases = (
				2EFD4F0E2461017F003F314B /* Sources */,
				2EFD4F0F2461017F003F314B /* Frameworks */,
				2EFD4F102461017F003F314B /* Resources */,
				2EFD4F3F24610182003F314B /* Embed App Extensions */,
			);
			buildRules = (
			);
			dependencies = (
				2EFD4F2824610181003F314B /* PBXTargetDependency */,
			);
			name = "Private Window Status";
			productName = "Private Window Status";
			productReference = 2EFD4F122461017F003F314B /* Private Window Status.app */;
			productType = "com.apple.product-type.application";
		};
		2EFD4F2424610181003F314B /* Private Window Status Extension */ = {
			isa = PBXNativeTarget;
			buildConfigurationList = 2EFD4F3C24610182003F314B /* Build configuration list for PBXNativeTarget "Private Window Status Extension" */;
			buildPhases = (
				2EFD4F2124610181003F314B /* Sources */,
				2EFD4F2224610181003F314B /* Frameworks */,
				2EFD4F2324610181003F314B /* Resources */,
			);
			buildRules = (
			);
			dependencies = (
			);
			name = "Private Window Status Extension";
			productName = "Private Window Status Extension";
			productReference = 2EFD4F2524610181003F314B /* Private Window Status Extension.appex */;
			productType = "com.apple.product-type.app-extension";
		};
/* End PBXNativeTarget section */

/* Begin PBXProject section */
		2EFD4F0A2461017F003F314B /* Project object */ = {
			isa = PBXProject;
			attributes = {
				LastSwiftUpdateCheck = 1130;
				LastUpgradeCheck = 1130;
				ORGANIZATIONNAME = "Christopher Weirup";
				TargetAttributes = {
					2EFD4F112461017F003F314B = {
						CreatedOnToolsVersion = 11.3.1;
					};
					2EFD4F2424610181003F314B = {
						CreatedOnToolsVersion = 11.3.1;
					};
				};
			};
			buildConfigurationList = 2EFD4F0D2461017F003F314B /* Build configuration list for PBXProject "Private Window Status" */;
			compatibilityVersion = "Xcode 9.3";
			developmentRegion = en;
			hasScannedForEncodings = 0;
			knownRegions = (
				en,
				Base,
			);
			mainGroup = 2EFD4F092461017F003F314B;
			productRefGroup = 2EFD4F132461017F003F314B /* Products */;
			projectDirPath = "";
			projectRoot = "";
			targets = (
				2EFD4F112461017F003F314B /* Private Window Status */,
				2EFD4F2424610181003F314B /* Private Window Status Extension */,
			);
		};
/* End PBXProject section */

/* Begin PBXResourcesBuildPhase section */
		2EFD4F102461017F003F314B /* Resources */ = {
			isa = PBXResourcesBuildPhase;
			buildActionMask = 2147483647;
			files = (
				2EFD4F162461017F003F314B /* Private_Window_Status.entitlements in Resources */,
				2EFD4F1F24610181003F314B /* Assets.xcassets in Resources */,
				2EFD4F1B2461017F003F314B /* Main.storyboard in Resources */,
			);
			runOnlyForDeploymentPostprocessing = 0;
		};
		2EFD4F2324610181003F314B /* Resources */ = {
			isa = PBXResourcesBuildPhase;
			buildActionMask = 2147483647;
			files = (
				2EFD4F472461FD00003F314B /* privateicon.pdf in Resources */,
				2EFD4F482461FD00003F314B /* nonprivateicon.pdf in Resources */,
				2EFD4F3324610182003F314B /* SafariExtensionViewController.xib in Resources */,
				2EFD4F3624610182003F314B /* script.js in Resources */,
			);
			runOnlyForDeploymentPostprocessing = 0;
		};
/* End PBXResourcesBuildPhase section */

/* Begin PBXSourcesBuildPhase section */
		2EFD4F0E2461017F003F314B /* Sources */ = {
			isa = PBXSourcesBuildPhase;
			buildActionMask = 2147483647;
			files = (
				2EFD4F1D2461017F003F314B /* ViewController.swift in Sources */,
				2EFD4F182461017F003F314B /* AppDelegate.swift in Sources */,
			);
			runOnlyForDeploymentPostprocessing = 0;
		};
		2EFD4F2124610181003F314B /* Sources */ = {
			isa = PBXSourcesBuildPhase;
			buildActionMask = 2147483647;
			files = (
				2EFD4F3024610181003F314B /* SafariExtensionViewController.swift in Sources */,
				2EFD4F2E24610181003F314B /* SafariExtensionHandler.swift in Sources */,
			);
			runOnlyForDeploymentPostprocessing = 0;
		};
/* End PBXSourcesBuildPhase section */

/* Begin PBXTargetDependency section */
		2EFD4F2824610181003F314B /* PBXTargetDependency */ = {
			isa = PBXTargetDependency;
			target = 2EFD4F2424610181003F314B /* Private Window Status Extension */;
			targetProxy = 2EFD4F2724610181003F314B /* PBXContainerItemProxy */;
		};
/* End PBXTargetDependency section */

/* Begin PBXVariantGroup section */
		2EFD4F192461017F003F314B /* Main.storyboard */ = {
			isa = PBXVariantGroup;
			children = (
				2EFD4F1A2461017F003F314B /* Base */,
			);
			name = Main.storyboard;
			sourceTree = "<group>";
		};
		2EFD4F3124610182003F314B /* SafariExtensionViewController.xib */ = {
			isa = PBXVariantGroup;
			children = (
				2EFD4F3224610182003F314B /* Base */,
			);
			name = SafariExtensionViewController.xib;
			sourceTree = "<group>";
		};
/* End PBXVariantGroup section */

/* Begin XCBuildConfiguration section */
		2EFD4F3A24610182003F314B /* Debug */ = {
			isa = XCBuildConfiguration;
			buildSettings = {
				ALWAYS_SEARCH_USER_PATHS = NO;
				CLANG_ANALYZER_NONNULL = YES;
				CLANG_ANALYZER_NUMBER_OBJECT_CONVERSION = YES_AGGRESSIVE;
				CLANG_CXX_LANGUAGE_STANDARD = "gnu++14";
				CLANG_CXX_LIBRARY = "libc++";
				CLANG_ENABLE_MODULES = YES;
				CLANG_ENABLE_OBJC_ARC = YES;
				CLANG_ENABLE_OBJC_WEAK = YES;
				CLANG_WARN_BLOCK_CAPTURE_AUTORELEASING = YES;
				CLANG_WARN_BOOL_CONVERSION = YES;
				CLANG_WARN_COMMA = YES;
				CLANG_WARN_CONSTANT_CONVERSION = YES;
				CLANG_WARN_DEPRECATED_OBJC_IMPLEMENTATIONS = YES;
				CLANG_WARN_DIRECT_OBJC_ISA_USAGE = YES_ERROR;
				CLANG_WARN_DOCUMENTATION_COMMENTS = YES;
				CLANG_WARN_EMPTY_BODY = YES;
				CLANG_WARN_ENUM_CONVERSION = YES;
				CLANG_WARN_INFINITE_RECURSION = YES;
				CLANG_WARN_INT_CONVERSION = YES;
				CLANG_WARN_NON_LITERAL_NULL_CONVERSION = YES;
				CLANG_WARN_OBJC_IMPLICIT_RETAIN_SELF = YES;
				CLANG_WARN_OBJC_LITERAL_CONVERSION = YES;
				CLANG_WARN_OBJC_ROOT_CLASS = YES_ERROR;
				CLANG_WARN_RANGE_LOOP_ANALYSIS = YES;
				CLANG_WARN_STRICT_PROTOTYPES = YES;
				CLANG_WARN_SUSPICIOUS_MOVE = YES;
				CLANG_WARN_UNGUARDED_AVAILABILITY = YES_AGGRESSIVE;
				CLANG_WARN_UNREACHABLE_CODE = YES;
				CLANG_WARN__DUPLICATE_METHOD_MATCH = YES;
				COPY_PHASE_STRIP = NO;
				DEBUG_INFORMATION_FORMAT = dwarf;
				ENABLE_STRICT_OBJC_MSGSEND = YES;
				ENABLE_TESTABILITY = YES;
				GCC_C_LANGUAGE_STANDARD = gnu11;
				GCC_DYNAMIC_NO_PIC = NO;
				GCC_NO_COMMON_BLOCKS = YES;
				GCC_OPTIMIZATION_LEVEL = 0;
				GCC_PREPROCESSOR_DEFINITIONS = (
					"DEBUG=1",
					"$(inherited)",
				);
				GCC_WARN_64_TO_32_BIT_CONVERSION = YES;
				GCC_WARN_ABOUT_RETURN_TYPE = YES_ERROR;
				GCC_WARN_UNDECLARED_SELECTOR = YES;
				GCC_WARN_UNINITIALIZED_AUTOS = YES_AGGRESSIVE;
				GCC_WARN_UNUSED_FUNCTION = YES;
				GCC_WARN_UNUSED_VARIABLE = YES;
				MACOSX_DEPLOYMENT_TARGET = 10.14;
				MTL_ENABLE_DEBUG_INFO = INCLUDE_SOURCE;
				MTL_FAST_MATH = YES;
				ONLY_ACTIVE_ARCH = YES;
				SDKROOT = macosx;
				SWIFT_ACTIVE_COMPILATION_CONDITIONS = DEBUG;
				SWIFT_OPTIMIZATION_LEVEL = "-Onone";
			};
			name = Debug;
		};
		2EFD4F3B24610182003F314B /* Release */ = {
			isa = XCBuildConfiguration;
			buildSettings = {
				ALWAYS_SEARCH_USER_PATHS = NO;
				CLANG_ANALYZER_NONNULL = YES;
				CLANG_ANALYZER_NUMBER_OBJECT_CONVERSION = YES_AGGRESSIVE;
				CLANG_CXX_LANGUAGE_STANDARD = "gnu++14";
				CLANG_CXX_LIBRARY = "libc++";
				CLANG_ENABLE_MODULES = YES;
				CLANG_ENABLE_OBJC_ARC = YES;
				CLANG_ENABLE_OBJC_WEAK = YES;
				CLANG_WARN_BLOCK_CAPTURE_AUTORELEASING = YES;
				CLANG_WARN_BOOL_CONVERSION = YES;
				CLANG_WARN_COMMA = YES;
				CLANG_WARN_CONSTANT_CONVERSION = YES;
				CLANG_WARN_DEPRECATED_OBJC_IMPLEMENTATIONS = YES;
				CLANG_WARN_DIRECT_OBJC_ISA_USAGE = YES_ERROR;
				CLANG_WARN_DOCUMENTATION_COMMENTS = YES;
				CLANG_WARN_EMPTY_BODY = YES;
				CLANG_WARN_ENUM_CONVERSION = YES;
				CLANG_WARN_INFINITE_RECURSION = YES;
				CLANG_WARN_INT_CONVERSION = YES;
				CLANG_WARN_NON_LITERAL_NULL_CONVERSION = YES;
				CLANG_WARN_OBJC_IMPLICIT_RETAIN_SELF = YES;
				CLANG_WARN_OBJC_LITERAL_CONVERSION = YES;
				CLANG_WARN_OBJC_ROOT_CLASS = YES_ERROR;
				CLANG_WARN_RANGE_LOOP_ANALYSIS = YES;
				CLANG_WARN_STRICT_PROTOTYPES = YES;
				CLANG_WARN_SUSPICIOUS_MOVE = YES;
				CLANG_WARN_UNGUARDED_AVAILABILITY = YES_AGGRESSIVE;
				CLANG_WARN_UNREACHABLE_CODE = YES;
				CLANG_WARN__DUPLICATE_METHOD_MATCH = YES;
				COPY_PHASE_STRIP = NO;
				DEBUG_INFORMATION_FORMAT = "dwarf-with-dsym";
				ENABLE_NS_ASSERTIONS = NO;
				ENABLE_STRICT_OBJC_MSGSEND = YES;
				GCC_C_LANGUAGE_STANDARD = gnu11;
				GCC_NO_COMMON_BLOCKS = YES;
				GCC_WARN_64_TO_32_BIT_CONVERSION = YES;
				GCC_WARN_ABOUT_RETURN_TYPE = YES_ERROR;
				GCC_WARN_UNDECLARED_SELECTOR = YES;
				GCC_WARN_UNINITIALIZED_AUTOS = YES_AGGRESSIVE;
				GCC_WARN_UNUSED_FUNCTION = YES;
				GCC_WARN_UNUSED_VARIABLE = YES;
				MACOSX_DEPLOYMENT_TARGET = 10.14;
				MTL_ENABLE_DEBUG_INFO = NO;
				MTL_FAST_MATH = YES;
				SDKROOT = macosx;
				SWIFT_COMPILATION_MODE = wholemodule;
				SWIFT_OPTIMIZATION_LEVEL = "-O";
			};
			name = Release;
		};
		2EFD4F3D24610182003F314B /* Debug */ = {
			isa = XCBuildConfiguration;
			buildSettings = {
				CODE_SIGN_ENTITLEMENTS = "Private Window Status Extension/Private_Window_Status_Extension.entitlements";
				CODE_SIGN_STYLE = Automatic;
				DEVELOPMENT_TEAM = 2884XZJMX9;
				ENABLE_HARDENED_RUNTIME = YES;
				INFOPLIST_FILE = "Private Window Status Extension/Info.plist";
				LD_RUNPATH_SEARCH_PATHS = (
					"$(inherited)",
					"@executable_path/../Frameworks",
					"@executable_path/../../../../Frameworks",
				);
				PRODUCT_BUNDLE_IDENTIFIER = "com.cweirup.Private-Window-Status-Extension";
				PRODUCT_NAME = "$(TARGET_NAME)";
				SKIP_INSTALL = YES;
				SWIFT_VERSION = 5.0;
			};
			name = Debug;
		};
		2EFD4F3E24610182003F314B /* Release */ = {
			isa = XCBuildConfiguration;
			buildSettings = {
				CODE_SIGN_ENTITLEMENTS = "Private Window Status Extension/Private_Window_Status_Extension.entitlements";
				CODE_SIGN_STYLE = Automatic;
				DEVELOPMENT_TEAM = 2884XZJMX9;
				ENABLE_HARDENED_RUNTIME = YES;
				INFOPLIST_FILE = "Private Window Status Extension/Info.plist";
				LD_RUNPATH_SEARCH_PATHS = (
					"$(inherited)",
					"@executable_path/../Frameworks",
					"@executable_path/../../../../Frameworks",
				);
				PRODUCT_BUNDLE_IDENTIFIER = "com.cweirup.Private-Window-Status-Extension";
				PRODUCT_NAME = "$(TARGET_NAME)";
				SKIP_INSTALL = YES;
				SWIFT_VERSION = 5.0;
			};
			name = Release;
		};
		2EFD4F4124610182003F314B /* Debug */ = {
			isa = XCBuildConfiguration;
			buildSettings = {
				ALWAYS_EMBED_SWIFT_STANDARD_LIBRARIES = YES;
				ASSETCATALOG_COMPILER_APPICON_NAME = AppIcon;
				CODE_SIGN_ENTITLEMENTS = "Private Window Status/Private_Window_Status.entitlements";
				CODE_SIGN_STYLE = Automatic;
				COMBINE_HIDPI_IMAGES = YES;
				DEVELOPMENT_TEAM = 2884XZJMX9;
				ENABLE_HARDENED_RUNTIME = YES;
				INFOPLIST_FILE = "Private Window Status/Info.plist";
				LD_RUNPATH_SEARCH_PATHS = (
					"$(inherited)",
					"@executable_path/../Frameworks",
				);
				PRODUCT_BUNDLE_IDENTIFIER = "com.cweirup.Private-Window-Status";
				PRODUCT_NAME = "$(TARGET_NAME)";
				SWIFT_VERSION = 5.0;
			};
			name = Debug;
		};
		2EFD4F4224610182003F314B /* Release */ = {
			isa = XCBuildConfiguration;
			buildSettings = {
				ALWAYS_EMBED_SWIFT_STANDARD_LIBRARIES = YES;
				ASSETCATALOG_COMPILER_APPICON_NAME = AppIcon;
				CODE_SIGN_ENTITLEMENTS = "Private Window Status/Private_Window_Status.entitlements";
				CODE_SIGN_STYLE = Automatic;
				COMBINE_HIDPI_IMAGES = YES;
				DEVELOPMENT_TEAM = 2884XZJMX9;
				ENABLE_HARDENED_RUNTIME = YES;
				INFOPLIST_FILE = "Private Window Status/Info.plist";
				LD_RUNPATH_SEARCH_PATHS = (
					"$(inherited)",
					"@executable_path/../Frameworks",
				);
				PRODUCT_BUNDLE_IDENTIFIER = "com.cweirup.Private-Window-Status";
				PRODUCT_NAME = "$(TARGET_NAME)";
				SWIFT_VERSION = 5.0;
			};
			name = Release;
		};
/* End XCBuildConfiguration section */

/* Begin XCConfigurationList section */
		2EFD4F0D2461017F003F314B /* Build configuration list for PBXProject "Private Window Status" */ = {
			isa = XCConfigurationList;
			buildConfigurations = (
				2EFD4F3A24610182003F314B /* Debug */,
				2EFD4F3B24610182003F314B /* Release */,
			);
			defaultConfigurationIsVisible = 0;
			defaultConfigurationName = Release;
		};
		2EFD4F3C24610182003F314B /* Build configuration list for PBXNativeTarget "Private Window Status Extension" */ = {
			isa = XCConfigurationList;
			buildConfigurations = (
				2EFD4F3D24610182003F314B /* Debug */,
				2EFD4F3E24610182003F314B /* Release */,
			);
			defaultConfigurationIsVisible = 0;
			defaultConfigurationName = Release;
		};
		2EFD4F4024610182003F314B /* Build configuration list for PBXNativeTarget "Private Window Status" */ = {
			isa = XCConfigurationList;
			buildConfigurations = (
				2EFD4F4124610182003F314B /* Debug */,
				2EFD4F4224610182003F314B /* Release */,
			);
			defaultConfigurationIsVisible = 0;
			defaultConfigurationName = Release;
		};
/* End XCConfigurationList section */
	};
	rootObject = 2EFD4F0A2461017F003F314B /* Project object */;
}
